github.com/chamaken/cgolmnl v0.0.0-20170405074050-728c8fce1cb5 h1:lg0+R8nhK10adgdh0h9QMuz6fiRTYJuUG+1opbv4tJg=
github.com/chamaken/cgolmnl v0.0.0-20170405074050-728c8fce1cb5/go.mod h1:FLAyFgMbKIu0FLNoRDJYhDHGGpit6mVyEa21Np/liqQ=
github.com/hashicorp/go-sockaddr v1.0.6 h1:RSG8rKU28VTUTvEKghe5gIhIQpv8evvNpnDEyqO4u9I=
github.com/hashicorp/go-sockaddr v1.0.6/go.mod h1:uoUUmtwU7n9Dv3O4SNLeFvg0SxQ3lyjsj6+CCykpaxI=
github.com/joho/godotenv v1.5.1 h1:7eLL/+HRGLY0ldzfGMeQkb7vMd0as4CfYvUVzLqw0N0=
github.com/joho/godotenv v1.5.1/go.mod h1:f4LDr5Voq0i2e/R5DDNOoa2zzDfwtkZa6DnEwAbqwq4=
